{
    "name": "tscreate",
    "version": "1.0.1",
    "lockfileVersion": 1,
    "requires": true,
    "dependencies": {
        "stringtypebuffer": {
            "version": "1.0.8",
            "resolved": "https://registry.npmjs.org/stringtypebuffer/-/stringtypebuffer-1.0.8.tgz",
            "integrity": "sha512-76BTdFU5FZ1Ci66vt454rje6lUmdGp9B8PTUoVeVwrtfcRWi7AxJUWl2roecNWOZP2AXpRAX5YQWRbWJdGDO0A=="
        }
    }
}
